
Microsoft Visual Studio Solution File, Format Version 12.00
# Visual Studio 2012
Project("{FAE04EC0-301F-11D3-BF4B-00C04F79EFBC}") = "Generator", "Generator\Generator.csproj", "{F776CC4A-96CA-4068-87FB-43BA232E662E}"
EndProject
Project("{FAE04EC0-301F-11D3-BF4B-00C04F79EFBC}") = "Generator.Tests", "Generator.Tests\Generator.Tests.csproj", "{FA4D56D5-B53D-4FE9-B766-C08ED3F4B8E1}"
EndProject
Global
	GlobalSection(SolutionConfigurationPlatforms) = preSolution
		Debug|x86 = Debug|x86
		Release|x86 = Release|x86
	EndGlobalSection
	GlobalSection(ProjectConfigurationPlatforms) = postSolution
		{F776CC4A-96CA-4068-87FB-43BA232E662E}.Debug|x86.ActiveCfg = Debug|x86
		{F776CC4A-96CA-4068-87FB-43BA232E662E}.Debug|x86.Build.0 = Debug|x86
		{F776CC4A-96CA-4068-87FB-43BA232E662E}.Release|x86.ActiveCfg = Release|x86
		{F776CC4A-96CA-4068-87FB-43BA232E662E}.Release|x86.Build.0 = Release|x86
		{FA4D56D5-B53D-4FE9-B766-C08ED3F4B8E1}.Debug|x86.ActiveCfg = Debug|Any CPU
		{FA4D56D5-B53D-4FE9-B766-C08ED3F4B8E1}.Debug|x86.Build.0 = Debug|Any CPU
		{FA4D56D5-B53D-4FE9-B766-C08ED3F4B8E1}.Release|x86.ActiveCfg = Release|Any CPU
		{FA4D56D5-B53D-4FE9-B766-C08ED3F4B8E1}.Release|x86.Build.0 = Release|Any CPU
	EndGlobalSection
EndGlobal
